// !$*UTF8*$!
{
	archiveVersion = 1;
	classes = {
	};
	objectVersion = 56;
	objects = {

/* Begin PBXBuildFile section */
		B47835DC292DAF71007CCF06 /* StageSelectionView.swift in Sources */ = {isa = PBXBuildFile; fileRef = B47835DB292DAF71007CCF06 /* StageSelectionView.swift */; };
		B47835DF292DB536007CCF06 /* ColoringBookView.swift in Sources */ = {isa = PBXBuildFile; fileRef = B47835DE292DB536007CCF06 /* ColoringBookView.swift */; };
		B48A0A4A292D0D6700ABDB50 /* TitleScreenView.swift in Sources */ = {isa = PBXBuildFile; fileRef = B48A0A49292D0D6700ABDB50 /* TitleScreenView.swift */; };
		B48A0A4C292D0DB300ABDB50 /* GameData.swift in Sources */ = {isa = PBXBuildFile; fileRef = B48A0A4B292D0DB300ABDB50 /* GameData.swift */; };
		B4A2EF71292F2618004E4526 /* JSON_Processing.swift in Sources */ = {isa = PBXBuildFile; fileRef = B4A2EF70292F2618004E4526 /* JSON_Processing.swift */; };
		B4A2EF75292F2DA6004E4526 /* Torus.json in Resources */ = {isa = PBXBuildFile; fileRef = B4A2EF74292F2DA6004E4526 /* Torus.json */; };
		B4A2EF77292F3125004E4526 /* snowman.json in Resources */ = {isa = PBXBuildFile; fileRef = B4A2EF76292F3125004E4526 /* snowman.json */; };
		B4CF1738292AFB4300D492D7 /* AppDelegate.swift in Sources */ = {isa = PBXBuildFile; fileRef = B4CF1737292AFB4300D492D7 /* AppDelegate.swift */; };
		B4CF173A292AFB4300D492D7 /* ContentView.swift in Sources */ = {isa = PBXBuildFile; fileRef = B4CF1739292AFB4300D492D7 /* ContentView.swift */; };
		B4CF173C292AFB4300D492D7 /* Experience.rcproject in Sources */ = {isa = PBXBuildFile; fileRef = B4CF173B292AFB4300D492D7 /* Experience.rcproject */; };
		B4CF173E292AFB4300D492D7 /* Assets.xcassets in Resources */ = {isa = PBXBuildFile; fileRef = B4CF173D292AFB4300D492D7 /* Assets.xcassets */; };
		B4CF1741292AFB4300D492D7 /* Preview Assets.xcassets in Resources */ = {isa = PBXBuildFile; fileRef = B4CF1740292AFB4300D492D7 /* Preview Assets.xcassets */; };
		B4CF1748292AFB9900D492D7 /* ARModel.swift in Sources */ = {isa = PBXBuildFile; fileRef = B4CF1747292AFB9900D492D7 /* ARModel.swift */; };
		B4CF174A292AFB9F00D492D7 /* ARViewModel.swift in Sources */ = {isa = PBXBuildFile; fileRef = B4CF1749292AFB9F00D492D7 /* ARViewModel.swift */; };
		B4CF174C292B1AEA00D492D7 /* BoxData.swift in Sources */ = {isa = PBXBuildFile; fileRef = B4CF174B292B1AEA00D492D7 /* BoxData.swift */; };
/* End PBXBuildFile section */

/* Begin PBXFileReference section */
		B47835DB292DAF71007CCF06 /* StageSelectionView.swift */ = {isa = PBXFileReference; lastKnownFileType = sourcecode.swift; path = StageSelectionView.swift; sourceTree = "<group>"; };
		B47835DE292DB536007CCF06 /* ColoringBookView.swift */ = {isa = PBXFileReference; lastKnownFileType = sourcecode.swift; path = ColoringBookView.swift; sourceTree = "<group>"; };
		B48A0A49292D0D6700ABDB50 /* TitleScreenView.swift */ = {isa = PBXFileReference; lastKnownFileType = sourcecode.swift; path = TitleScreenView.swift; sourceTree = "<group>"; };
		B48A0A4B292D0DB300ABDB50 /* GameData.swift */ = {isa = PBXFileReference; lastKnownFileType = sourcecode.swift; path = GameData.swift; sourceTree = "<group>"; };
		B4A2EF70292F2618004E4526 /* JSON_Processing.swift */ = {isa = PBXFileReference; lastKnownFileType = sourcecode.swift; path = JSON_Processing.swift; sourceTree = "<group>"; };
		B4A2EF74292F2DA6004E4526 /* Torus.json */ = {isa = PBXFileReference; fileEncoding = 4; lastKnownFileType = text.json; path = Torus.json; sourceTree = "<group>"; };
		B4A2EF76292F3125004E4526 /* snowman.json */ = {isa = PBXFileReference; fileEncoding = 4; lastKnownFileType = text.json; path = snowman.json; sourceTree = "<group>"; };
		B4CF1734292AFB4300D492D7 /* ColoringAR.app */ = {isa = PBXFileReference; explicitFileType = wrapper.application; includeInIndex = 0; path = ColoringAR.app; sourceTree = BUILT_PRODUCTS_DIR; };
		B4CF1737292AFB4300D492D7 /* AppDelegate.swift */ = {isa = PBXFileReference; lastKnownFileType = sourcecode.swift; path = AppDelegate.swift; sourceTree = "<group>"; };
		B4CF1739292AFB4300D492D7 /* ContentView.swift */ = {isa = PBXFileReference; lastKnownFileType = sourcecode.swift; path = ContentView.swift; sourceTree = "<group>"; };
		B4CF173B292AFB4300D492D7 /* Experience.rcproject */ = {isa = PBXFileReference; lastKnownFileType = file.rcproject; path = Experience.rcproject; sourceTree = "<group>"; };
		B4CF173D292AFB4300D492D7 /* Assets.xcassets */ = {isa = PBXFileReference; lastKnownFileType = folder.assetcatalog; path = Assets.xcassets; sourceTree = "<group>"; };
		B4CF1740292AFB4300D492D7 /* Preview Assets.xcassets */ = {isa = PBXFileReference; lastKnownFileType = folder.assetcatalog; path = "Preview Assets.xcassets"; sourceTree = "<group>"; };
		B4CF1747292AFB9900D492D7 /* ARModel.swift */ = {isa = PBXFileReference; lastKnownFileType = sourcecode.swift; path = ARModel.swift; sourceTree = "<group>"; };
		B4CF1749292AFB9F00D492D7 /* ARViewModel.swift */ = {isa = PBXFileReference; lastKnownFileType = sourcecode.swift; path = ARViewModel.swift; sourceTree = "<group>"; };
		B4CF174B292B1AEA00D492D7 /* BoxData.swift */ = {isa = PBXFileReference; lastKnownFileType = sourcecode.swift; path = BoxData.swift; sourceTree = "<group>"; };
/* End PBXFileReference section */

/* Begin PBXFrameworksBuildPhase section */
		B4CF1731292AFB4300D492D7 /* Frameworks */ = {
			isa = PBXFrameworksBuildPhase;
			buildActionMask = 2147483647;
			files = (
			);
			runOnlyForDeploymentPostprocessing = 0;
		};
/* End PBXFrameworksBuildPhase section */

/* Begin PBXGroup section */
		B47835DD292DB254007CCF06 /* Views */ = {
			isa = PBXGroup;
			children = (
				B4CF1739292AFB4300D492D7 /* ContentView.swift */,
				B48A0A49292D0D6700ABDB50 /* TitleScreenView.swift */,
				B47835DB292DAF71007CCF06 /* StageSelectionView.swift */,
				B47835DE292DB536007CCF06 /* ColoringBookView.swift */,
			);
			path = Views;
			sourceTree = "<group>";
		};
		B4CF172B292AFB4300D492D7 = {
			isa = PBXGroup;
			children = (
				B4CF1736292AFB4300D492D7 /* ColoringAR */,
				B4CF1735292AFB4300D492D7 /* Products */,
			);
			sourceTree = "<group>";
		};
		B4CF1735292AFB4300D492D7 /* Products */ = {
			isa = PBXGroup;
			children = (
				B4CF1734292AFB4300D492D7 /* ColoringAR.app */,
			);
			name = Products;
			sourceTree = "<group>";
		};
		B4CF1736292AFB4300D492D7 /* ColoringAR */ = {
			isa = PBXGroup;
			children = (
				B4CF1737292AFB4300D492D7 /* AppDelegate.swift */,
				B47835DD292DB254007CCF06 /* Views */,
				B4CF1749292AFB9F00D492D7 /* ARViewModel.swift */,
				B4CF1747292AFB9900D492D7 /* ARModel.swift */,
				B4A2EF70292F2618004E4526 /* JSON_Processing.swift */,
				B4CF174B292B1AEA00D492D7 /* BoxData.swift */,
				B48A0A4B292D0DB300ABDB50 /* GameData.swift */,
				B4A2EF74292F2DA6004E4526 /* Torus.json */,
				B4A2EF76292F3125004E4526 /* snowman.json */,
				B4CF173B292AFB4300D492D7 /* Experience.rcproject */,
				B4CF173D292AFB4300D492D7 /* Assets.xcassets */,
				B4CF173F292AFB4300D492D7 /* Preview Content */,
			);
			path = ColoringAR;
			sourceTree = "<group>";
		};
		B4CF173F292AFB4300D492D7 /* Preview Content */ = {
			isa = PBXGroup;
			children = (
				B4CF1740292AFB4300D492D7 /* Preview Assets.xcassets */,
			);
			path = "Preview Content";
			sourceTree = "<group>";
		};
/* End PBXGroup section */

/* Begin PBXNativeTarget section */
		B4CF1733292AFB4300D492D7 /* ColoringAR */ = {
			isa = PBXNativeTarget;
			buildConfigurationList = B4CF1744292AFB4300D492D7 /* Build configuration list for PBXNativeTarget "ColoringAR" */;
			buildPhases = (
				B4CF1730292AFB4300D492D7 /* Sources */,
				B4CF1731292AFB4300D492D7 /* Frameworks */,
				B4CF1732292AFB4300D492D7 /* Resources */,
			);
			buildRules = (
			);
			dependencies = (
			);
			name = ColoringAR;
			productName = ColoringAR;
			productReference = B4CF1734292AFB4300D492D7 /* ColoringAR.app */;
			productType = "com.apple.product-type.application";
		};
/* End PBXNativeTarget section */

/* Begin PBXProject section */
		B4CF172C292AFB4300D492D7 /* Project object */ = {
			isa = PBXProject;
			attributes = {
				BuildIndependentTargetsInParallel = 1;
				LastSwiftUpdateCheck = 1400;
				LastUpgradeCheck = 1400;
				TargetAttributes = {
					B4CF1733292AFB4300D492D7 = {
						CreatedOnToolsVersion = 14.0;
					};
				};
			};
			buildConfigurationList = B4CF172F292AFB4300D492D7 /* Build configuration list for PBXProject "ColoringAR" */;
			compatibilityVersion = "Xcode 14.0";
			developmentRegion = en;
			hasScannedForEncodings = 0;
			knownRegions = (
				en,
				Base,
			);
			mainGroup = B4CF172B292AFB4300D492D7;
			productRefGroup = B4CF1735292AFB4300D492D7 /* Products */;
			projectDirPath = "";
			projectRoot = "";
			targets = (
				B4CF1733292AFB4300D492D7 /* ColoringAR */,
			);
		};
/* End PBXProject section */

/* Begin PBXResourcesBuildPhase section */
		B4CF1732292AFB4300D492D7 /* Resources */ = {
			isa = PBXResourcesBuildPhase;
			buildActionMask = 2147483647;
			files = (
				B4CF1741292AFB4300D492D7 /* Preview Assets.xcassets in Resources */,
				B4A2EF75292F2DA6004E4526 /* Torus.json in Resources */,
				B4CF173E292AFB4300D492D7 /* Assets.xcassets in Resources */,
				B4A2EF77292F3125004E4526 /* snowman.json in Resources */,
			);
			runOnlyForDeploymentPostprocessing = 0;
		};
/* End PBXResourcesBuildPhase section */

/* Begin PBXSourcesBuildPhase section */
		B4CF1730292AFB4300D492D7 /* Sources */ = {
			isa = PBXSourcesBuildPhase;
			buildActionMask = 2147483647;
			files = (
				B48A0A4A292D0D6700ABDB50 /* TitleScreenView.swift in Sources */,
				B4A2EF71292F2618004E4526 /* JSON_Processing.swift in Sources */,
				B4CF174A292AFB9F00D492D7 /* ARViewModel.swift in Sources */,
				B4CF1748292AFB9900D492D7 /* ARModel.swift in Sources */,
				B4CF173A292AFB4300D492D7 /* ContentView.swift in Sources */,
				B47835DF292DB536007CCF06 /* ColoringBookView.swift in Sources */,
				B47835DC292DAF71007CCF06 /* StageSelectionView.swift in Sources */,
				B4CF1738292AFB4300D492D7 /* AppDelegate.swift in Sources */,
				B48A0A4C292D0DB300ABDB50 /* GameData.swift in Sources */,
				B4CF173C292AFB4300D492D7 /* Experience.rcproject in Sources */,
				B4CF174C292B1AEA00D492D7 /* BoxData.swift in Sources */,
			);
			runOnlyForDeploymentPostprocessing = 0;
		};
/* End PBXSourcesBuildPhase section */

/* Begin XCBuildConfiguration section */
		B4CF1742292AFB4300D492D7 /* Debug */ = {
			isa = XCBuildConfiguration;
			buildSettings = {
				ALWAYS_SEARCH_USER_PATHS = NO;
				CLANG_ANALYZER_NONNULL = YES;
				CLANG_ANALYZER_NUMBER_OBJECT_CONVERSION = YES_AGGRESSIVE;
				CLANG_CXX_LANGUAGE_STANDARD = "gnu++20";
				CLANG_ENABLE_MODULES = YES;
				CLANG_ENABLE_OBJC_ARC = YES;
				CLANG_ENABLE_OBJC_WEAK = YES;
				CLANG_WARN_BLOCK_CAPTURE_AUTORELEASING = YES;
				CLANG_WARN_BOOL_CONVERSION = YES;
				CLANG_WARN_COMMA = YES;
				CLANG_WARN_CONSTANT_CONVERSION = YES;
				CLANG_WARN_DEPRECATED_OBJC_IMPLEMENTATIONS = YES;
				CLANG_WARN_DIRECT_OBJC_ISA_USAGE = YES_ERROR;
				CLANG_WARN_DOCUMENTATION_COMMENTS = YES;
				CLANG_WARN_EMPTY_BODY = YES;
				CLANG_WARN_ENUM_CONVERSION = YES;
				CLANG_WARN_INFINITE_RECURSION = YES;
				CLANG_WARN_INT_CONVERSION = YES;
				CLANG_WARN_NON_LITERAL_NULL_CONVERSION = YES;
				CLANG_WARN_OBJC_IMPLICIT_RETAIN_SELF = YES;
				CLANG_WARN_OBJC_LITERAL_CONVERSION = YES;
				CLANG_WARN_OBJC_ROOT_CLASS = YES_ERROR;
				CLANG_WARN_QUOTED_INCLUDE_IN_FRAMEWORK_HEADER = YES;
				CLANG_WARN_RANGE_LOOP_ANALYSIS = YES;
				CLANG_WARN_STRICT_PROTOTYPES = YES;
				CLANG_WARN_SUSPICIOUS_MOVE = YES;
				CLANG_WARN_UNGUARDED_AVAILABILITY = YES_AGGRESSIVE;
				CLANG_WARN_UNREACHABLE_CODE = YES;
				CLANG_WARN__DUPLICATE_METHOD_MATCH = YES;
				COPY_PHASE_STRIP = NO;
				DEBUG_INFORMATION_FORMAT = dwarf;
				ENABLE_STRICT_OBJC_MSGSEND = YES;
				ENABLE_TESTABILITY = YES;
				GCC_C_LANGUAGE_STANDARD = gnu11;
				GCC_DYNAMIC_NO_PIC = NO;
				GCC_NO_COMMON_BLOCKS = YES;
				GCC_OPTIMIZATION_LEVEL = 0;
				GCC_PREPROCESSOR_DEFINITIONS = (
					"DEBUG=1",
					"$(inherited)",
				);
				GCC_WARN_64_TO_32_BIT_CONVERSION = YES;
				GCC_WARN_ABOUT_RETURN_TYPE = YES_ERROR;
				GCC_WARN_UNDECLARED_SELECTOR = YES;
				GCC_WARN_UNINITIALIZED_AUTOS = YES_AGGRESSIVE;
				GCC_WARN_UNUSED_FUNCTION = YES;
				GCC_WARN_UNUSED_VARIABLE = YES;
				IPHONEOS_DEPLOYMENT_TARGET = 16.0;
				MTL_ENABLE_DEBUG_INFO = INCLUDE_SOURCE;
				MTL_FAST_MATH = YES;
				ONLY_ACTIVE_ARCH = YES;
				SDKROOT = iphoneos;
				SWIFT_ACTIVE_COMPILATION_CONDITIONS = DEBUG;
				SWIFT_OPTIMIZATION_LEVEL = "-Onone";
			};
			name = Debug;
		};
		B4CF1743292AFB4300D492D7 /* Release */ = {
			isa = XCBuildConfiguration;
			buildSettings = {
				ALWAYS_SEARCH_USER_PATHS = NO;
				CLANG_ANALYZER_NONNULL = YES;
				CLANG_ANALYZER_NUMBER_OBJECT_CONVERSION = YES_AGGRESSIVE;
				CLANG_CXX_LANGUAGE_STANDARD = "gnu++20";
				CLANG_ENABLE_MODULES = YES;
				CLANG_ENABLE_OBJC_ARC = YES;
				CLANG_ENABLE_OBJC_WEAK = YES;
				CLANG_WARN_BLOCK_CAPTURE_AUTORELEASING = YES;
				CLANG_WARN_BOOL_CONVERSION = YES;
				CLANG_WARN_COMMA = YES;
				CLANG_WARN_CONSTANT_CONVERSION = YES;
				CLANG_WARN_DEPRECATED_OBJC_IMPLEMENTATIONS = YES;
				CLANG_WARN_DIRECT_OBJC_ISA_USAGE = YES_ERROR;
				CLANG_WARN_DOCUMENTATION_COMMENTS = YES;
				CLANG_WARN_EMPTY_BODY = YES;
				CLANG_WARN_ENUM_CONVERSION = YES;
				CLANG_WARN_INFINITE_RECURSION = YES;
				CLANG_WARN_INT_CONVERSION = YES;
				CLANG_WARN_NON_LITERAL_NULL_CONVERSION = YES;
				CLANG_WARN_OBJC_IMPLICIT_RETAIN_SELF = YES;
				CLANG_WARN_OBJC_LITERAL_CONVERSION = YES;
				CLANG_WARN_OBJC_ROOT_CLASS = YES_ERROR;
				CLANG_WARN_QUOTED_INCLUDE_IN_FRAMEWORK_HEADER = YES;
				CLANG_WARN_RANGE_LOOP_ANALYSIS = YES;
				CLANG_WARN_STRICT_PROTOTYPES = YES;
				CLANG_WARN_SUSPICIOUS_MOVE = YES;
				CLANG_WARN_UNGUARDED_AVAILABILITY = YES_AGGRESSIVE;
				CLANG_WARN_UNREACHABLE_CODE = YES;
				CLANG_WARN__DUPLICATE_METHOD_MATCH = YES;
				COPY_PHASE_STRIP = NO;
				DEBUG_INFORMATION_FORMAT = "dwarf-with-dsym";
				ENABLE_NS_ASSERTIONS = NO;
				ENABLE_STRICT_OBJC_MSGSEND = YES;
				GCC_C_LANGUAGE_STANDARD = gnu11;
				GCC_NO_COMMON_BLOCKS = YES;
				GCC_WARN_64_TO_32_BIT_CONVERSION = YES;
				GCC_WARN_ABOUT_RETURN_TYPE = YES_ERROR;
				GCC_WARN_UNDECLARED_SELECTOR = YES;
				GCC_WARN_UNINITIALIZED_AUTOS = YES_AGGRESSIVE;
				GCC_WARN_UNUSED_FUNCTION = YES;
				GCC_WARN_UNUSED_VARIABLE = YES;
				IPHONEOS_DEPLOYMENT_TARGET = 16.0;
				MTL_ENABLE_DEBUG_INFO = NO;
				MTL_FAST_MATH = YES;
				SDKROOT = iphoneos;
				SWIFT_COMPILATION_MODE = wholemodule;
				SWIFT_OPTIMIZATION_LEVEL = "-O";
				VALIDATE_PRODUCT = YES;
			};
			name = Release;
		};
		B4CF1745292AFB4300D492D7 /* Debug */ = {
			isa = XCBuildConfiguration;
			buildSettings = {
				ASSETCATALOG_COMPILER_APPICON_NAME = AppIcon;
				ASSETCATALOG_COMPILER_GLOBAL_ACCENT_COLOR_NAME = AccentColor;
				CODE_SIGN_STYLE = Automatic;
				CURRENT_PROJECT_VERSION = 1;
				DEVELOPMENT_ASSET_PATHS = "\"ColoringAR/Preview Content\"";
				DEVELOPMENT_TEAM = 6R7D5U33PL;
				ENABLE_PREVIEWS = YES;
				GENERATE_INFOPLIST_FILE = YES;
				INFOPLIST_KEY_NSCameraUsageDescription = "";
				INFOPLIST_KEY_UIApplicationSupportsIndirectInputEvents = YES;
				INFOPLIST_KEY_UILaunchScreen_Generation = YES;
				INFOPLIST_KEY_UIRequiredDeviceCapabilities = arkit;
				INFOPLIST_KEY_UIStatusBarHidden = YES;
				INFOPLIST_KEY_UISupportedInterfaceOrientations_iPad = "UIInterfaceOrientationPortrait UIInterfaceOrientationPortraitUpsideDown UIInterfaceOrientationLandscapeLeft UIInterfaceOrientationLandscapeRight";
				INFOPLIST_KEY_UISupportedInterfaceOrientations_iPhone = "UIInterfaceOrientationPortrait UIInterfaceOrientationLandscapeLeft UIInterfaceOrientationLandscapeRight";
				LD_RUNPATH_SEARCH_PATHS = (
					"$(inherited)",
					"@executable_path/Frameworks",
				);
				MARKETING_VERSION = 1.0;
				PRODUCT_BUNDLE_IDENTIFIER = com.dictionAR.ColoringAR;
				PRODUCT_NAME = "$(TARGET_NAME)";
				SUPPORTED_PLATFORMS = "iphoneos iphonesimulator";
				SUPPORTS_MACCATALYST = NO;
				SUPPORTS_MAC_DESIGNED_FOR_IPHONE_IPAD = NO;
				SWIFT_EMIT_LOC_STRINGS = YES;
				SWIFT_VERSION = 5.0;
				TARGETED_DEVICE_FAMILY = "1,2";
			};
			name = Debug;
		};
		B4CF1746292AFB4300D492D7 /* Release */ = {
			isa = XCBuildConfiguration;
			buildSettings = {
				ASSETCATALOG_COMPILER_APPICON_NAME = AppIcon;
				ASSETCATALOG_COMPILER_GLOBAL_ACCENT_COLOR_NAME = AccentColor;
				CODE_SIGN_STYLE = Automatic;
				CURRENT_PROJECT_VERSION = 1;
				DEVELOPMENT_ASSET_PATHS = "\"ColoringAR/Preview Content\"";
				DEVELOPMENT_TEAM = 6R7D5U33PL;
				ENABLE_PREVIEWS = YES;
				GENERATE_INFOPLIST_FILE = YES;
				INFOPLIST_KEY_NSCameraUsageDescription = "";
				INFOPLIST_KEY_UIApplicationSupportsIndirectInputEvents = YES;
				INFOPLIST_KEY_UILaunchScreen_Generation = YES;
				INFOPLIST_KEY_UIRequiredDeviceCapabilities = arkit;
				INFOPLIST_KEY_UIStatusBarHidden = YES;
				INFOPLIST_KEY_UISupportedInterfaceOrientations_iPad = "UIInterfaceOrientationPortrait UIInterfaceOrientationPortraitUpsideDown UIInterfaceOrientationLandscapeLeft UIInterfaceOrientationLandscapeRight";
				INFOPLIST_KEY_UISupportedInterfaceOrientations_iPhone = "UIInterfaceOrientationPortrait UIInterfaceOrientationLandscapeLeft UIInterfaceOrientationLandscapeRight";
				LD_RUNPATH_SEARCH_PATHS = (
					"$(inherited)",
					"@executable_path/Frameworks",
				);
				MARKETING_VERSION = 1.0;
				PRODUCT_BUNDLE_IDENTIFIER = com.dictionAR.ColoringAR;
				PRODUCT_NAME = "$(TARGET_NAME)";
				SUPPORTED_PLATFORMS = "iphoneos iphonesimulator";
				SUPPORTS_MACCATALYST = NO;
				SUPPORTS_MAC_DESIGNED_FOR_IPHONE_IPAD = NO;
				SWIFT_EMIT_LOC_STRINGS = YES;
				SWIFT_VERSION = 5.0;
				TARGETED_DEVICE_FAMILY = "1,2";
			};
			name = Release;
		};
/* End XCBuildConfiguration section */

/* Begin XCConfigurationList section */
		B4CF172F292AFB4300D492D7 /* Build configuration list for PBXProject "ColoringAR" */ = {
			isa = XCConfigurationList;
			buildConfigurations = (
				B4CF1742292AFB4300D492D7 /* Debug */,
				B4CF1743292AFB4300D492D7 /* Release */,
			);
			defaultConfigurationIsVisible = 0;
			defaultConfigurationName = Release;
		};
		B4CF1744292AFB4300D492D7 /* Build configuration list for PBXNativeTarget "ColoringAR" */ = {
			isa = XCConfigurationList;
			buildConfigurations = (
				B4CF1745292AFB4300D492D7 /* Debug */,
				B4CF1746292AFB4300D492D7 /* Release */,
			);
			defaultConfigurationIsVisible = 0;
			defaultConfigurationName = Release;
		};
/* End XCConfigurationList section */
	};
	rootObject = B4CF172C292AFB4300D492D7 /* Project object */;
}
